
Microsoft Visual Studio Solution File, Format Version 12.00
# Visual Studio Version 17
VisualStudioVersion = 17.5.002.0
MinimumVisualStudioVersion = 10.0.40219.1
Project("{9A19103F-16F7-4668-BE54-9A1E7A4F7556}") = "TournamentAPI", "TournamentAPI.csproj", "{BBB4C0B6-E910-47BA-9F83-7FAC97606F73}"
EndProject
Global
	GlobalSection(SolutionConfigurationPlatforms) = preSolution
		Debug|Any CPU = Debug|Any CPU
		Release|Any CPU = Release|Any CPU
	EndGlobalSection
	GlobalSection(ProjectConfigurationPlatforms) = postSolution
		{BBB4C0B6-E910-47BA-9F83-7FAC97606F73}.Debug|Any CPU.ActiveCfg = Debug|Any CPU
		{BBB4C0B6-E910-47BA-9F83-7FAC97606F73}.Debug|Any CPU.Build.0 = Debug|Any CPU
		{BBB4C0B6-E910-47BA-9F83-7FAC97606F73}.Release|Any CPU.ActiveCfg = Release|Any CPU
		{BBB4C0B6-E910-47BA-9F83-7FAC97606F73}.Release|Any CPU.Build.0 = Release|Any CPU
	EndGlobalSection
	GlobalSection(SolutionProperties) = preSolution
		HideSolutionNode = FALSE
	EndGlobalSection
	GlobalSection(ExtensibilityGlobals) = postSolution
		SolutionGuid = {53AB9EFB-D829-4D58-A655-E2EDD5CEB257}
	EndGlobalSection
EndGlobal
